
Microsoft Visual Studio Solution File, Format Version 12.00
# Visual Studio Version 16
VisualStudioVersion = 16.0.32228.343
MinimumVisualStudioVersion = 10.0.40219.1
Project("{9A19103F-16F7-4668-BE54-9A1E7A4F7556}") = "BlazorWebAssemblyTutorial.Server", "BlazorWebAssemblyTutorial\Server\BlazorWebAssemblyTutorial.Server.csproj", "{3DFF1C96-7E99-4E15-9E2C-AF0F1D0F1DE4}"
EndProject
Project("{9A19103F-16F7-4668-BE54-9A1E7A4F7556}") = "BlazorWebAssemblyTutorial.Client", "BlazorWebAssemblyTutorial\Client\BlazorWebAssemblyTutorial.Client.csproj", "{9764017A-5D55-4200-8F94-6E81B9C9E588}"
EndProject
Project("{9A19103F-16F7-4668-BE54-9A1E7A4F7556}") = "BlazorWebAssemblyTutorial.Shared", "BlazorWebAssemblyTutorial\Shared\BlazorWebAssemblyTutorial.Shared.csproj", "{421513EB-5C0B-40C7-8FBD-ADBB4992BD61}"
EndProject
Global
	GlobalSection(SolutionConfigurationPlatforms) = preSolution
		Debug|Any CPU = Debug|Any CPU
		Release|Any CPU = Release|Any CPU
	EndGlobalSection
	GlobalSection(ProjectConfigurationPlatforms) = postSolution
		{3DFF1C96-7E99-4E15-9E2C-AF0F1D0F1DE4}.Debug|Any CPU.ActiveCfg = Debug|Any CPU
		{3DFF1C96-7E99-4E15-9E2C-AF0F1D0F1DE4}.Debug|Any CPU.Build.0 = Debug|Any CPU
		{3DFF1C96-7E99-4E15-9E2C-AF0F1D0F1DE4}.Release|Any CPU.ActiveCfg = Release|Any CPU
		{3DFF1C96-7E99-4E15-9E2C-AF0F1D0F1DE4}.Release|Any CPU.Build.0 = Release|Any CPU
		{9764017A-5D55-4200-8F94-6E81B9C9E588}.Debug|Any CPU.ActiveCfg = Debug|Any CPU
		{9764017A-5D55-4200-8F94-6E81B9C9E588}.Debug|Any CPU.Build.0 = Debug|Any CPU
		{9764017A-5D55-4200-8F94-6E81B9C9E588}.Release|Any CPU.ActiveCfg = Release|Any CPU
		{9764017A-5D55-4200-8F94-6E81B9C9E588}.Release|Any CPU.Build.0 = Release|Any CPU
		{421513EB-5C0B-40C7-8FBD-ADBB4992BD61}.Debug|Any CPU.ActiveCfg = Debug|Any CPU
		{421513EB-5C0B-40C7-8FBD-ADBB4992BD61}.Debug|Any CPU.Build.0 = Debug|Any CPU
		{421513EB-5C0B-40C7-8FBD-ADBB4992BD61}.Release|Any CPU.ActiveCfg = Release|Any CPU
		{421513EB-5C0B-40C7-8FBD-ADBB4992BD61}.Release|Any CPU.Build.0 = Release|Any CPU
	EndGlobalSection
	GlobalSection(SolutionProperties) = preSolution
		HideSolutionNode = FALSE
	EndGlobalSection
	GlobalSection(ExtensibilityGlobals) = postSolution
		SolutionGuid = {F954600A-4D19-4CA6-AAFA-DB8E0851CCCE}
	EndGlobalSection
EndGlobal
